
Microsoft Visual Studio Solution File, Format Version 12.00
# Visual Studio Version 16
VisualStudioVersion = 16.0.29306.81
MinimumVisualStudioVersion = 10.0.40219.1
Project("{9A19103F-16F7-4668-BE54-9A1E7A4F7556}") = "mediastorage", "mediastorage\mediastorage.csproj", "{59FA1E6C-0797-4B5F-BA16-F597B27FCA2C}"
EndProject
Global
	GlobalSection(SolutionConfigurationPlatforms) = preSolution
		Debug|Any CPU = Debug|Any CPU
		Release|Any CPU = Release|Any CPU
	EndGlobalSection
	GlobalSection(ProjectConfigurationPlatforms) = postSolution
		{59FA1E6C-0797-4B5F-BA16-F597B27FCA2C}.Debug|Any CPU.ActiveCfg = Debug|Any CPU
		{59FA1E6C-0797-4B5F-BA16-F597B27FCA2C}.Debug|Any CPU.Build.0 = Debug|Any CPU
		{59FA1E6C-0797-4B5F-BA16-F597B27FCA2C}.Release|Any CPU.ActiveCfg = Release|Any CPU
		{59FA1E6C-0797-4B5F-BA16-F597B27FCA2C}.Release|Any CPU.Build.0 = Release|Any CPU
	EndGlobalSection
	GlobalSection(SolutionProperties) = preSolution
		HideSolutionNode = FALSE
	EndGlobalSection
	GlobalSection(ExtensibilityGlobals) = postSolution
		SolutionGuid = {33C0E19F-2FF2-4DF1-989C-8C2D72493129}
	EndGlobalSection
EndGlobal
